
Microsoft Visual Studio Solution File, Format Version 12.00
# Visual Studio Version 17
VisualStudioVersion = 17.4.33103.184
MinimumVisualStudioVersion = 10.0.40219.1
Project("{FAE04EC0-301F-11D3-BF4B-00C04F79EFBC}") = "Cliente", "Cliente\Cliente.csproj", "{0717104C-E9D0-4A6F-BA81-21716B73B02B}"
EndProject
Project("{FAE04EC0-301F-11D3-BF4B-00C04F79EFBC}") = "IndiceRemissivo", "IndiceRemissivo\IndiceRemissivo.csproj", "{A0482F0B-569F-4ABF-878D-DD3A17BB5B73}"
EndProject
Project("{FAE04EC0-301F-11D3-BF4B-00C04F79EFBC}") = "NumeroAmstrong", "NumeroAmstrong\NumeroAmstrong.csproj", "{C05B98F0-FAF2-4608-A767-2F123C89F911}"
EndProject
Project("{FAE04EC0-301F-11D3-BF4B-00C04F79EFBC}") = "RemoveRepetidos", "RemoveRepetidos\RemoveRepetidos.csproj", "{759A5641-BBD1-4C15-AFC4-D5CD2EB8F1A6}"
EndProject
Global
	GlobalSection(SolutionConfigurationPlatforms) = preSolution
		Debug|Any CPU = Debug|Any CPU
		Release|Any CPU = Release|Any CPU
	EndGlobalSection
	GlobalSection(ProjectConfigurationPlatforms) = postSolution
		{0717104C-E9D0-4A6F-BA81-21716B73B02B}.Debug|Any CPU.ActiveCfg = Debug|Any CPU
		{0717104C-E9D0-4A6F-BA81-21716B73B02B}.Debug|Any CPU.Build.0 = Debug|Any CPU
		{0717104C-E9D0-4A6F-BA81-21716B73B02B}.Release|Any CPU.ActiveCfg = Release|Any CPU
		{0717104C-E9D0-4A6F-BA81-21716B73B02B}.Release|Any CPU.Build.0 = Release|Any CPU
		{A0482F0B-569F-4ABF-878D-DD3A17BB5B73}.Debug|Any CPU.ActiveCfg = Debug|Any CPU
		{A0482F0B-569F-4ABF-878D-DD3A17BB5B73}.Debug|Any CPU.Build.0 = Debug|Any CPU
		{A0482F0B-569F-4ABF-878D-DD3A17BB5B73}.Release|Any CPU.ActiveCfg = Release|Any CPU
		{A0482F0B-569F-4ABF-878D-DD3A17BB5B73}.Release|Any CPU.Build.0 = Release|Any CPU
		{C05B98F0-FAF2-4608-A767-2F123C89F911}.Debug|Any CPU.ActiveCfg = Debug|Any CPU
		{C05B98F0-FAF2-4608-A767-2F123C89F911}.Debug|Any CPU.Build.0 = Debug|Any CPU
		{C05B98F0-FAF2-4608-A767-2F123C89F911}.Release|Any CPU.ActiveCfg = Release|Any CPU
		{C05B98F0-FAF2-4608-A767-2F123C89F911}.Release|Any CPU.Build.0 = Release|Any CPU
		{759A5641-BBD1-4C15-AFC4-D5CD2EB8F1A6}.Debug|Any CPU.ActiveCfg = Debug|Any CPU
		{759A5641-BBD1-4C15-AFC4-D5CD2EB8F1A6}.Debug|Any CPU.Build.0 = Debug|Any CPU
		{759A5641-BBD1-4C15-AFC4-D5CD2EB8F1A6}.Release|Any CPU.ActiveCfg = Release|Any CPU
		{759A5641-BBD1-4C15-AFC4-D5CD2EB8F1A6}.Release|Any CPU.Build.0 = Release|Any CPU
	EndGlobalSection
	GlobalSection(SolutionProperties) = preSolution
		HideSolutionNode = FALSE
	EndGlobalSection
	GlobalSection(ExtensibilityGlobals) = postSolution
		SolutionGuid = {76DC82F9-7B86-4868-8663-9F6C7B11A517}
	EndGlobalSection
EndGlobal
