
Microsoft Visual Studio Solution File, Format Version 12.00
# Visual Studio Version 17
VisualStudioVersion = 17.4.33103.184
MinimumVisualStudioVersion = 10.0.40219.1
Project("{FAE04EC0-301F-11D3-BF4B-00C04F79EFBC}") = "Cliente", "Cliente\Cliente.csproj", "{0717104C-E9D0-4A6F-BA81-21716B73B02B}"
EndProject
Global
	GlobalSection(SolutionConfigurationPlatforms) = preSolution
		Debug|Any CPU = Debug|Any CPU
		Release|Any CPU = Release|Any CPU
	EndGlobalSection
	GlobalSection(ProjectConfigurationPlatforms) = postSolution
		{0717104C-E9D0-4A6F-BA81-21716B73B02B}.Debug|Any CPU.ActiveCfg = Debug|Any CPU
		{0717104C-E9D0-4A6F-BA81-21716B73B02B}.Debug|Any CPU.Build.0 = Debug|Any CPU
		{0717104C-E9D0-4A6F-BA81-21716B73B02B}.Release|Any CPU.ActiveCfg = Release|Any CPU
		{0717104C-E9D0-4A6F-BA81-21716B73B02B}.Release|Any CPU.Build.0 = Release|Any CPU
	EndGlobalSection
	GlobalSection(SolutionProperties) = preSolution
		HideSolutionNode = FALSE
	EndGlobalSection
	GlobalSection(ExtensibilityGlobals) = postSolution
		SolutionGuid = {76DC82F9-7B86-4868-8663-9F6C7B11A517}
	EndGlobalSection
EndGlobal
